{
  "version": 1,
  "dependencies": {
    "net10.0-windows10.0.19041": {
      "System.Diagnostics.PerformanceCounter": {
        "type": "Direct",
        "requested": "[10.0.10, )",
        "resolved": "10.0.10",
        "contentHash": "ScyOvCu1hEAz8YHdUSFdppPJK8D2kmHCeAEKGP8QcUuyzfEUQ74GZwl12e7ks0SLYVqNuu1LnGQv46Kx89QkKA==",
        "dependencies": {
          "System.Configuration.ConfigurationManager": "10.0.10"
        }
      },
      "System.Management": {
        "type": "Direct",
        "requested": "[10.0.10, )",
        "resolved": "10.0.10",
        "contentHash": "U13ksdXfQlF2WDdu3S4ZPVpikFs2HgV3dbJJZLeZpBIQ4z/xCmQnwEf6LsEEIC2zSamVVa1acA9RdVhZwnWKeA==",
        "dependencies": {
          "System.CodeDom": "10.0.10"
        }
      },
      "System.CodeDom": {
        "type": "Transitive",
        "resolved": "10.0.10",
        "contentHash": "lru5igKxs4OgWKfMeOpMAYpfB1tNSSXHk2zyiSDO/h0u8RVAhN6KqW9d3ANybDB+ePIHg6HM/NlE8HlpOk4k5A=="
      },
      "System.Configuration.ConfigurationManager": {
        "type": "Transitive",
        "resolved": "10.0.10",
        "contentHash": "64jtHt9yLYi6VHMF5AwDj6BGM/MZrygv55SXl0MOIkFsFjGwRuxV3/QgEm7NTp3TQIx+YNX4S6dNpY08fJ3+3g==",
        "dependencies": {
          "System.Diagnostics.EventLog": "10.0.10",
          "System.Security.Cryptography.ProtectedData": "10.0.10"
        }
      },
      "System.Diagnostics.EventLog": {
        "type": "Transitive",
        "resolved": "10.0.10",
        "contentHash": "OvGz3PrzuAI/Sj7LTcXcCe3FClRI1IyRMZjNONcZtFh+Ww7nAtSh4kh08r8KVe/xxkXJPjR0Y1jF7H+N42d4xQ=="
      },
      "System.Security.Cryptography.ProtectedData": {
        "type": "Transitive",
        "resolved": "10.0.10",
        "contentHash": "BKt0SQgq2lq3ESE68jkeLwv95ypANrPDtkTOIFGcnhg2aRUeUUBDrQlkVDZctrg1WenVcvn5P5XZnuYI7q6rFQ=="
      }
    }
  }
}